// !$*UTF8*$!
{
	archiveVersion = 1;
	classes = {
	};
	objectVersion = 48;
	objects = {

/* Begin PBXBuildFile section */
		E98E9E701FDC307E00559F9A /* AppDelegate.swift in Sources */ = {isa = PBXBuildFile; fileRef = E98E9E6F1FDC307E00559F9A /* AppDelegate.swift */; };
		E98E9E721FDC307E00559F9A /* ViewController.swift in Sources */ = {isa = PBXBuildFile; fileRef = E98E9E711FDC307E00559F9A /* ViewController.swift */; };
		E98E9E751FDC307E00559F9A /* Main.storyboard in Resources */ = {isa = PBXBuildFile; fileRef = E98E9E731FDC307E00559F9A /* Main.storyboard */; };
		E98E9E781FDC307E00559F9A /* Practical.xcdatamodeld in Sources */ = {isa = PBXBuildFile; fileRef = E98E9E761FDC307E00559F9A /* Practical.xcdatamodeld */; };
		E98E9E7A1FDC307E00559F9A /* Assets.xcassets in Resources */ = {isa = PBXBuildFile; fileRef = E98E9E791FDC307E00559F9A /* Assets.xcassets */; };
		E98E9E7D1FDC307E00559F9A /* LaunchScreen.storyboard in Resources */ = {isa = PBXBuildFile; fileRef = E98E9E7B1FDC307E00559F9A /* LaunchScreen.storyboard */; };
		E98E9E881FDC307E00559F9A /* PracticalTests.swift in Sources */ = {isa = PBXBuildFile; fileRef = E98E9E871FDC307E00559F9A /* PracticalTests.swift */; };
		E98E9E931FDC307E00559F9A /* PracticalUITests.swift in Sources */ = {isa = PBXBuildFile; fileRef = E98E9E921FDC307E00559F9A /* PracticalUITests.swift */; };
		E98E9EA11FDC31E200559F9A /* DetailViewController.swift in Sources */ = {isa = PBXBuildFile; fileRef = E98E9EA01FDC31E200559F9A /* DetailViewController.swift */; };
		E9D212511FDD3520001D7353 /* CustomCell.swift in Sources */ = {isa = PBXBuildFile; fileRef = E9D212501FDD3520001D7353 /* CustomCell.swift */; };
/* End PBXBuildFile section */

/* Begin PBXContainerItemProxy section */
		E98E9E841FDC307E00559F9A /* PBXContainerItemProxy */ = {
			isa = PBXContainerItemProxy;
			containerPortal = E98E9E641FDC307E00559F9A /* Project object */;
			proxyType = 1;
			remoteGlobalIDString = E98E9E6B1FDC307E00559F9A;
			remoteInfo = Practical;
		};
		E98E9E8F1FDC307E00559F9A /* PBXContainerItemProxy */ = {
			isa = PBXContainerItemProxy;
			containerPortal = E98E9E641FDC307E00559F9A /* Project object */;
			proxyType = 1;
			remoteGlobalIDString = E98E9E6B1FDC307E00559F9A;
			remoteInfo = Practical;
		};
/* End PBXContainerItemProxy section */

/* Begin PBXFileReference section */
		E98E9E6C1FDC307E00559F9A /* Practical.app */ = {isa = PBXFileReference; explicitFileType = wrapper.application; includeInIndex = 0; path = Practical.app; sourceTree = BUILT_PRODUCTS_DIR; };
		E98E9E6F1FDC307E00559F9A /* AppDelegate.swift */ = {isa = PBXFileReference; lastKnownFileType = sourcecode.swift; path = AppDelegate.swift; sourceTree = "<group>"; };
		E98E9E711FDC307E00559F9A /* ViewController.swift */ = {isa = PBXFileReference; lastKnownFileType = sourcecode.swift; path = ViewController.swift; sourceTree = "<group>"; };
		E98E9E741FDC307E00559F9A /* Base */ = {isa = PBXFileReference; lastKnownFileType = file.storyboard; name = Base; path = Base.lproj/Main.storyboard; sourceTree = "<group>"; };
		E98E9E771FDC307E00559F9A /* Practical.xcdatamodel */ = {isa = PBXFileReference; lastKnownFileType = wrapper.xcdatamodel; path = Practical.xcdatamodel; sourceTree = "<group>"; };
		E98E9E791FDC307E00559F9A /* Assets.xcassets */ = {isa = PBXFileReference; lastKnownFileType = folder.assetcatalog; path = Assets.xcassets; sourceTree = "<group>"; };
		E98E9E7C1FDC307E00559F9A /* Base */ = {isa = PBXFileReference; lastKnownFileType = file.storyboard; name = Base; path = Base.lproj/LaunchScreen.storyboard; sourceTree = "<group>"; };
		E98E9E7E1FDC307E00559F9A /* Info.plist */ = {isa = PBXFileReference; lastKnownFileType = text.plist.xml; path = Info.plist; sourceTree = "<group>"; };
		E98E9E831FDC307E00559F9A /* PracticalTests.xctest */ = {isa = PBXFileReference; explicitFileType = wrapper.cfbundle; includeInIndex = 0; path = PracticalTests.xctest; sourceTree = BUILT_PRODUCTS_DIR; };
		E98E9E871FDC307E00559F9A /* PracticalTests.swift */ = {isa = PBXFileReference; lastKnownFileType = sourcecode.swift; path = PracticalTests.swift; sourceTree = "<group>"; };
		E98E9E891FDC307E00559F9A /* Info.plist */ = {isa = PBXFileReference; lastKnownFileType = text.plist.xml; path = Info.plist; sourceTree = "<group>"; };
		E98E9E8E1FDC307E00559F9A /* PracticalUITests.xctest */ = {isa = PBXFileReference; explicitFileType = wrapper.cfbundle; includeInIndex = 0; path = PracticalUITests.xctest; sourceTree = BUILT_PRODUCTS_DIR; };
		E98E9E921FDC307E00559F9A /* PracticalUITests.swift */ = {isa = PBXFileReference; lastKnownFileType = sourcecode.swift; path = PracticalUITests.swift; sourceTree = "<group>"; };
		E98E9E941FDC307E00559F9A /* Info.plist */ = {isa = PBXFileReference; lastKnownFileType = text.plist.xml; path = Info.plist; sourceTree = "<group>"; };
		E98E9EA01FDC31E200559F9A /* DetailViewController.swift */ = {isa = PBXFileReference; lastKnownFileType = sourcecode.swift; path = DetailViewController.swift; sourceTree = "<group>"; };
		E9D212501FDD3520001D7353 /* CustomCell.swift */ = {isa = PBXFileReference; lastKnownFileType = sourcecode.swift; path = CustomCell.swift; sourceTree = "<group>"; };
/* End PBXFileReference section */

/* Begin PBXFrameworksBuildPhase section */
		E98E9E691FDC307E00559F9A /* Frameworks */ = {
			isa = PBXFrameworksBuildPhase;
			buildActionMask = 2147483647;
			files = (
			);
			runOnlyForDeploymentPostprocessing = 0;
		};
		E98E9E801FDC307E00559F9A /* Frameworks */ = {
			isa = PBXFrameworksBuildPhase;
			buildActionMask = 2147483647;
			files = (
			);
			runOnlyForDeploymentPostprocessing = 0;
		};
		E98E9E8B1FDC307E00559F9A /* Frameworks */ = {
			isa = PBXFrameworksBuildPhase;
			buildActionMask = 2147483647;
			files = (
			);
			runOnlyForDeploymentPostprocessing = 0;
		};
/* End PBXFrameworksBuildPhase section */

/* Begin PBXGroup section */
		E98E9E631FDC307E00559F9A = {
			isa = PBXGroup;
			children = (
				E98E9E6E1FDC307E00559F9A /* Practical */,
				E98E9E861FDC307E00559F9A /* PracticalTests */,
				E98E9E911FDC307E00559F9A /* PracticalUITests */,
				E98E9E6D1FDC307E00559F9A /* Products */,
			);
			sourceTree = "<group>";
		};
		E98E9E6D1FDC307E00559F9A /* Products */ = {
			isa = PBXGroup;
			children = (
				E98E9E6C1FDC307E00559F9A /* Practical.app */,
				E98E9E831FDC307E00559F9A /* PracticalTests.xctest */,
				E98E9E8E1FDC307E00559F9A /* PracticalUITests.xctest */,
			);
			name = Products;
			sourceTree = "<group>";
		};
		E98E9E6E1FDC307E00559F9A /* Practical */ = {
			isa = PBXGroup;
			children = (
				E9D2124F1FDD3507001D7353 /* Model */,
				E9D2124E1FDD34F1001D7353 /* AppDelegate */,
				E9D2124D1FDD34D3001D7353 /* ViewController */,
				E98E9E731FDC307E00559F9A /* Main.storyboard */,
				E98E9E791FDC307E00559F9A /* Assets.xcassets */,
				E98E9E7B1FDC307E00559F9A /* LaunchScreen.storyboard */,
				E98E9E7E1FDC307E00559F9A /* Info.plist */,
				E98E9E761FDC307E00559F9A /* Practical.xcdatamodeld */,
			);
			path = Practical;
			sourceTree = "<group>";
		};
		E98E9E861FDC307E00559F9A /* PracticalTests */ = {
			isa = PBXGroup;
			children = (
				E98E9E871FDC307E00559F9A /* PracticalTests.swift */,
				E98E9E891FDC307E00559F9A /* Info.plist */,
			);
			path = PracticalTests;
			sourceTree = "<group>";
		};
		E98E9E911FDC307E00559F9A /* PracticalUITests */ = {
			isa = PBXGroup;
			children = (
				E98E9E921FDC307E00559F9A /* PracticalUITests.swift */,
				E98E9E941FDC307E00559F9A /* Info.plist */,
			);
			path = PracticalUITests;
			sourceTree = "<group>";
		};
		E9D2124D1FDD34D3001D7353 /* ViewController */ = {
			isa = PBXGroup;
			children = (
				E98E9E711FDC307E00559F9A /* ViewController.swift */,
				E98E9EA01FDC31E200559F9A /* DetailViewController.swift */,
			);
			path = ViewController;
			sourceTree = "<group>";
		};
		E9D2124E1FDD34F1001D7353 /* AppDelegate */ = {
			isa = PBXGroup;
			children = (
				E98E9E6F1FDC307E00559F9A /* AppDelegate.swift */,
			);
			path = AppDelegate;
			sourceTree = "<group>";
		};
		E9D2124F1FDD3507001D7353 /* Model */ = {
			isa = PBXGroup;
			children = (
				E9D212501FDD3520001D7353 /* CustomCell.swift */,
			);
			path = Model;
			sourceTree = "<group>";
		};
/* End PBXGroup section */

/* Begin PBXNativeTarget section */
		E98E9E6B1FDC307E00559F9A /* Practical */ = {
			isa = PBXNativeTarget;
			buildConfigurationList = E98E9E971FDC307E00559F9A /* Build configuration list for PBXNativeTarget "Practical" */;
			buildPhases = (
				E98E9E681FDC307E00559F9A /* Sources */,
				E98E9E691FDC307E00559F9A /* Frameworks */,
				E98E9E6A1FDC307E00559F9A /* Resources */,
			);
			buildRules = (
			);
			dependencies = (
			);
			name = Practical;
			productName = Practical;
			productReference = E98E9E6C1FDC307E00559F9A /* Practical.app */;
			productType = "com.apple.product-type.application";
		};
		E98E9E821FDC307E00559F9A /* PracticalTests */ = {
			isa = PBXNativeTarget;
			buildConfigurationList = E98E9E9A1FDC307E00559F9A /* Build configuration list for PBXNativeTarget "PracticalTests" */;
			buildPhases = (
				E98E9E7F1FDC307E00559F9A /* Sources */,
				E98E9E801FDC307E00559F9A /* Frameworks */,
				E98E9E811FDC307E00559F9A /* Resources */,
			);
			buildRules = (
			);
			dependencies = (
				E98E9E851FDC307E00559F9A /* PBXTargetDependency */,
			);
			name = PracticalTests;
			productName = PracticalTests;
			productReference = E98E9E831FDC307E00559F9A /* PracticalTests.xctest */;
			productType = "com.apple.product-type.bundle.unit-test";
		};
		E98E9E8D1FDC307E00559F9A /* PracticalUITests */ = {
			isa = PBXNativeTarget;
			buildConfigurationList = E98E9E9D1FDC307E00559F9A /* Build configuration list for PBXNativeTarget "PracticalUITests" */;
			buildPhases = (
				E98E9E8A1FDC307E00559F9A /* Sources */,
				E98E9E8B1FDC307E00559F9A /* Frameworks */,
				E98E9E8C1FDC307E00559F9A /* Resources */,
			);
			buildRules = (
			);
			dependencies = (
				E98E9E901FDC307E00559F9A /* PBXTargetDependency */,
			);
			name = PracticalUITests;
			productName = PracticalUITests;
			productReference = E98E9E8E1FDC307E00559F9A /* PracticalUITests.xctest */;
			productType = "com.apple.product-type.bundle.ui-testing";
		};
/* End PBXNativeTarget section */

/* Begin PBXProject section */
		E98E9E641FDC307E00559F9A /* Project object */ = {
			isa = PBXProject;
			attributes = {
				LastSwiftUpdateCheck = 0900;
				LastUpgradeCheck = 0900;
				ORGANIZATIONNAME = "Rahul R Patel";
				TargetAttributes = {
					E98E9E6B1FDC307E00559F9A = {
						CreatedOnToolsVersion = 9.0;
						ProvisioningStyle = Automatic;
					};
					E98E9E821FDC307E00559F9A = {
						CreatedOnToolsVersion = 9.0;
						ProvisioningStyle = Automatic;
						TestTargetID = E98E9E6B1FDC307E00559F9A;
					};
					E98E9E8D1FDC307E00559F9A = {
						CreatedOnToolsVersion = 9.0;
						ProvisioningStyle = Automatic;
						TestTargetID = E98E9E6B1FDC307E00559F9A;
					};
				};
			};
			buildConfigurationList = E98E9E671FDC307E00559F9A /* Build configuration list for PBXProject "Practical" */;
			compatibilityVersion = "Xcode 8.0";
			developmentRegion = en;
			hasScannedForEncodings = 0;
			knownRegions = (
				en,
				Base,
			);
			mainGroup = E98E9E631FDC307E00559F9A;
			productRefGroup = E98E9E6D1FDC307E00559F9A /* Products */;
			projectDirPath = "";
			projectRoot = "";
			targets = (
				E98E9E6B1FDC307E00559F9A /* Practical */,
				E98E9E821FDC307E00559F9A /* PracticalTests */,
				E98E9E8D1FDC307E00559F9A /* PracticalUITests */,
			);
		};
/* End PBXProject section */

/* Begin PBXResourcesBuildPhase section */
		E98E9E6A1FDC307E00559F9A /* Resources */ = {
			isa = PBXResourcesBuildPhase;
			buildActionMask = 2147483647;
			files = (
				E98E9E7D1FDC307E00559F9A /* LaunchScreen.storyboard in Resources */,
				E98E9E7A1FDC307E00559F9A /* Assets.xcassets in Resources */,
				E98E9E751FDC307E00559F9A /* Main.storyboard in Resources */,
			);
			runOnlyForDeploymentPostprocessing = 0;
		};
		E98E9E811FDC307E00559F9A /* Resources */ = {
			isa = PBXResourcesBuildPhase;
			buildActionMask = 2147483647;
			files = (
			);
			runOnlyForDeploymentPostprocessing = 0;
		};
		E98E9E8C1FDC307E00559F9A /* Resources */ = {
			isa = PBXResourcesBuildPhase;
			buildActionMask = 2147483647;
			files = (
			);
			runOnlyForDeploymentPostprocessing = 0;
		};
/* End PBXResourcesBuildPhase section */

/* Begin PBXSourcesBuildPhase section */
		E98E9E681FDC307E00559F9A /* Sources */ = {
			isa = PBXSourcesBuildPhase;
			buildActionMask = 2147483647;
			files = (
				E98E9E721FDC307E00559F9A /* ViewController.swift in Sources */,
				E98E9E701FDC307E00559F9A /* AppDelegate.swift in Sources */,
				E9D212511FDD3520001D7353 /* CustomCell.swift in Sources */,
				E98E9E781FDC307E00559F9A /* Practical.xcdatamodeld in Sources */,
				E98E9EA11FDC31E200559F9A /* DetailViewController.swift in Sources */,
			);
			runOnlyForDeploymentPostprocessing = 0;
		};
		E98E9E7F1FDC307E00559F9A /* Sources */ = {
			isa = PBXSourcesBuildPhase;
			buildActionMask = 2147483647;
			files = (
				E98E9E881FDC307E00559F9A /* PracticalTests.swift in Sources */,
			);
			runOnlyForDeploymentPostprocessing = 0;
		};
		E98E9E8A1FDC307E00559F9A /* Sources */ = {
			isa = PBXSourcesBuildPhase;
			buildActionMask = 2147483647;
			files = (
				E98E9E931FDC307E00559F9A /* PracticalUITests.swift in Sources */,
			);
			runOnlyForDeploymentPostprocessing = 0;
		};
/* End PBXSourcesBuildPhase section */

/* Begin PBXTargetDependency section */
		E98E9E851FDC307E00559F9A /* PBXTargetDependency */ = {
			isa = PBXTargetDependency;
			target = E98E9E6B1FDC307E00559F9A /* Practical */;
			targetProxy = E98E9E841FDC307E00559F9A /* PBXContainerItemProxy */;
		};
		E98E9E901FDC307E00559F9A /* PBXTargetDependency */ = {
			isa = PBXTargetDependency;
			target = E98E9E6B1FDC307E00559F9A /* Practical */;
			targetProxy = E98E9E8F1FDC307E00559F9A /* PBXContainerItemProxy */;
		};
/* End PBXTargetDependency section */

/* Begin PBXVariantGroup section */
		E98E9E731FDC307E00559F9A /* Main.storyboard */ = {
			isa = PBXVariantGroup;
			children = (
				E98E9E741FDC307E00559F9A /* Base */,
			);
			name = Main.storyboard;
			sourceTree = "<group>";
		};
		E98E9E7B1FDC307E00559F9A /* LaunchScreen.storyboard */ = {
			isa = PBXVariantGroup;
			children = (
				E98E9E7C1FDC307E00559F9A /* Base */,
			);
			name = LaunchScreen.storyboard;
			sourceTree = "<group>";
		};
/* End PBXVariantGroup section */

/* Begin XCBuildConfiguration section */
		E98E9E951FDC307E00559F9A /* Debug */ = {
			isa = XCBuildConfiguration;
			buildSettings = {
				ALWAYS_SEARCH_USER_PATHS = NO;
				CLANG_ANALYZER_NONNULL = YES;
				CLANG_ANALYZER_NUMBER_OBJECT_CONVERSION = YES_AGGRESSIVE;
				CLANG_CXX_LANGUAGE_STANDARD = "gnu++14";
				CLANG_CXX_LIBRARY = "libc++";
				CLANG_ENABLE_MODULES = YES;
				CLANG_ENABLE_OBJC_ARC = YES;
				CLANG_WARN_BLOCK_CAPTURE_AUTORELEASING = YES;
				CLANG_WARN_BOOL_CONVERSION = YES;
				CLANG_WARN_COMMA = YES;
				CLANG_WARN_CONSTANT_CONVERSION = YES;
				CLANG_WARN_DIRECT_OBJC_ISA_USAGE = YES_ERROR;
				CLANG_WARN_DOCUMENTATION_COMMENTS = YES;
				CLANG_WARN_EMPTY_BODY = YES;
				CLANG_WARN_ENUM_CONVERSION = YES;
				CLANG_WARN_INFINITE_RECURSION = YES;
				CLANG_WARN_INT_CONVERSION = YES;
				CLANG_WARN_NON_LITERAL_NULL_CONVERSION = YES;
				CLANG_WARN_OBJC_LITERAL_CONVERSION = YES;
				CLANG_WARN_OBJC_ROOT_CLASS = YES_ERROR;
				CLANG_WARN_RANGE_LOOP_ANALYSIS = YES;
				CLANG_WARN_STRICT_PROTOTYPES = YES;
				CLANG_WARN_SUSPICIOUS_MOVE = YES;
				CLANG_WARN_UNGUARDED_AVAILABILITY = YES_AGGRESSIVE;
				CLANG_WARN_UNREACHABLE_CODE = YES;
				CLANG_WARN__DUPLICATE_METHOD_MATCH = YES;
				CODE_SIGN_IDENTITY = "iPhone Developer";
				COPY_PHASE_STRIP = NO;
				DEBUG_INFORMATION_FORMAT = dwarf;
				ENABLE_STRICT_OBJC_MSGSEND = YES;
				ENABLE_TESTABILITY = YES;
				GCC_C_LANGUAGE_STANDARD = gnu11;
				GCC_DYNAMIC_NO_PIC = NO;
				GCC_NO_COMMON_BLOCKS = YES;
				GCC_OPTIMIZATION_LEVEL = 0;
				GCC_PREPROCESSOR_DEFINITIONS = (
					"DEBUG=1",
					"$(inherited)",
				);
				GCC_WARN_64_TO_32_BIT_CONVERSION = YES;
				GCC_WARN_ABOUT_RETURN_TYPE = YES_ERROR;
				GCC_WARN_UNDECLARED_SELECTOR = YES;
				GCC_WARN_UNINITIALIZED_AUTOS = YES_AGGRESSIVE;
				GCC_WARN_UNUSED_FUNCTION = YES;
				GCC_WARN_UNUSED_VARIABLE = YES;
				IPHONEOS_DEPLOYMENT_TARGET = 11.0;
				MTL_ENABLE_DEBUG_INFO = YES;
				ONLY_ACTIVE_ARCH = YES;
				SDKROOT = iphoneos;
				SWIFT_ACTIVE_COMPILATION_CONDITIONS = DEBUG;
				SWIFT_OPTIMIZATION_LEVEL = "-Onone";
			};
			name = Debug;
		};
		E98E9E961FDC307E00559F9A /* Release */ = {
			isa = XCBuildConfiguration;
			buildSettings = {
				ALWAYS_SEARCH_USER_PATHS = NO;
				CLANG_ANALYZER_NONNULL = YES;
				CLANG_ANALYZER_NUMBER_OBJECT_CONVERSION = YES_AGGRESSIVE;
				CLANG_CXX_LANGUAGE_STANDARD = "gnu++14";
				CLANG_CXX_LIBRARY = "libc++";
				CLANG_ENABLE_MODULES = YES;
				CLANG_ENABLE_OBJC_ARC = YES;
				CLANG_WARN_BLOCK_CAPTURE_AUTORELEASING = YES;
				CLANG_WARN_BOOL_CONVERSION = YES;
				CLANG_WARN_COMMA = YES;
				CLANG_WARN_CONSTANT_CONVERSION = YES;
				CLANG_WARN_DIRECT_OBJC_ISA_USAGE = YES_ERROR;
				CLANG_WARN_DOCUMENTATION_COMMENTS = YES;
				CLANG_WARN_EMPTY_BODY = YES;
				CLANG_WARN_ENUM_CONVERSION = YES;
				CLANG_WARN_INFINITE_RECURSION = YES;
				CLANG_WARN_INT_CONVERSION = YES;
				CLANG_WARN_NON_LITERAL_NULL_CONVERSION = YES;
				CLANG_WARN_OBJC_LITERAL_CONVERSION = YES;
				CLANG_WARN_OBJC_ROOT_CLASS = YES_ERROR;
				CLANG_WARN_RANGE_LOOP_ANALYSIS = YES;
				CLANG_WARN_STRICT_PROTOTYPES = YES;
				CLANG_WARN_SUSPICIOUS_MOVE = YES;
				CLANG_WARN_UNGUARDED_AVAILABILITY = YES_AGGRESSIVE;
				CLANG_WARN_UNREACHABLE_CODE = YES;
				CLANG_WARN__DUPLICATE_METHOD_MATCH = YES;
				CODE_SIGN_IDENTITY = "iPhone Developer";
				COPY_PHASE_STRIP = NO;
				DEBUG_INFORMATION_FORMAT = "dwarf-with-dsym";
				ENABLE_NS_ASSERTIONS = NO;
				ENABLE_STRICT_OBJC_MSGSEND = YES;
				GCC_C_LANGUAGE_STANDARD = gnu11;
				GCC_NO_COMMON_BLOCKS = YES;
				GCC_WARN_64_TO_32_BIT_CONVERSION = YES;
				GCC_WARN_ABOUT_RETURN_TYPE = YES_ERROR;
				GCC_WARN_UNDECLARED_SELECTOR = YES;
				GCC_WARN_UNINITIALIZED_AUTOS = YES_AGGRESSIVE;
				GCC_WARN_UNUSED_FUNCTION = YES;
				GCC_WARN_UNUSED_VARIABLE = YES;
				IPHONEOS_DEPLOYMENT_TARGET = 11.0;
				MTL_ENABLE_DEBUG_INFO = NO;
				SDKROOT = iphoneos;
				SWIFT_OPTIMIZATION_LEVEL = "-Owholemodule";
				VALIDATE_PRODUCT = YES;
			};
			name = Release;
		};
		E98E9E981FDC307E00559F9A /* Debug */ = {
			isa = XCBuildConfiguration;
			buildSettings = {
				ASSETCATALOG_COMPILER_APPICON_NAME = AppIcon;
				CODE_SIGN_STYLE = Automatic;
				INFOPLIST_FILE = Practical/Info.plist;
				LD_RUNPATH_SEARCH_PATHS = "$(inherited) @executable_path/Frameworks";
				PRODUCT_BUNDLE_IDENTIFIER = "Rahul-R-Patel.Practical";
				PRODUCT_NAME = "$(TARGET_NAME)";
				SWIFT_VERSION = 4.0;
				TARGETED_DEVICE_FAMILY = "1,2";
			};
			name = Debug;
		};
		E98E9E991FDC307E00559F9A /* Release */ = {
			isa = XCBuildConfiguration;
			buildSettings = {
				ASSETCATALOG_COMPILER_APPICON_NAME = AppIcon;
				CODE_SIGN_STYLE = Automatic;
				INFOPLIST_FILE = Practical/Info.plist;
				LD_RUNPATH_SEARCH_PATHS = "$(inherited) @executable_path/Frameworks";
				PRODUCT_BUNDLE_IDENTIFIER = "Rahul-R-Patel.Practical";
				PRODUCT_NAME = "$(TARGET_NAME)";
				SWIFT_VERSION = 4.0;
				TARGETED_DEVICE_FAMILY = "1,2";
			};
			name = Release;
		};
		E98E9E9B1FDC307E00559F9A /* Debug */ = {
			isa = XCBuildConfiguration;
			buildSettings = {
				ALWAYS_EMBED_SWIFT_STANDARD_LIBRARIES = YES;
				BUNDLE_LOADER = "$(TEST_HOST)";
				CODE_SIGN_STYLE = Automatic;
				INFOPLIST_FILE = PracticalTests/Info.plist;
				LD_RUNPATH_SEARCH_PATHS = "$(inherited) @executable_path/Frameworks @loader_path/Frameworks";
				PRODUCT_BUNDLE_IDENTIFIER = "Rahul-R-Patel.PracticalTests";
				PRODUCT_NAME = "$(TARGET_NAME)";
				SWIFT_VERSION = 4.0;
				TARGETED_DEVICE_FAMILY = "1,2";
				TEST_HOST = "$(BUILT_PRODUCTS_DIR)/Practical.app/Practical";
			};
			name = Debug;
		};
		E98E9E9C1FDC307E00559F9A /* Release */ = {
			isa = XCBuildConfiguration;
			buildSettings = {
				ALWAYS_EMBED_SWIFT_STANDARD_LIBRARIES = YES;
				BUNDLE_LOADER = "$(TEST_HOST)";
				CODE_SIGN_STYLE = Automatic;
				INFOPLIST_FILE = PracticalTests/Info.plist;
				LD_RUNPATH_SEARCH_PATHS = "$(inherited) @executable_path/Frameworks @loader_path/Frameworks";
				PRODUCT_BUNDLE_IDENTIFIER = "Rahul-R-Patel.PracticalTests";
				PRODUCT_NAME = "$(TARGET_NAME)";
				SWIFT_VERSION = 4.0;
				TARGETED_DEVICE_FAMILY = "1,2";
				TEST_HOST = "$(BUILT_PRODUCTS_DIR)/Practical.app/Practical";
			};
			name = Release;
		};
		E98E9E9E1FDC307E00559F9A /* Debug */ = {
			isa = XCBuildConfiguration;
			buildSettings = {
				ALWAYS_EMBED_SWIFT_STANDARD_LIBRARIES = YES;
				CODE_SIGN_STYLE = Automatic;
				INFOPLIST_FILE = PracticalUITests/Info.plist;
				LD_RUNPATH_SEARCH_PATHS = "$(inherited) @executable_path/Frameworks @loader_path/Frameworks";
				PRODUCT_BUNDLE_IDENTIFIER = "Rahul-R-Patel.PracticalUITests";
				PRODUCT_NAME = "$(TARGET_NAME)";
				SWIFT_VERSION = 4.0;
				TARGETED_DEVICE_FAMILY = "1,2";
				TEST_TARGET_NAME = Practical;
			};
			name = Debug;
		};
		E98E9E9F1FDC307E00559F9A /* Release */ = {
			isa = XCBuildConfiguration;
			buildSettings = {
				ALWAYS_EMBED_SWIFT_STANDARD_LIBRARIES = YES;
				CODE_SIGN_STYLE = Automatic;
				INFOPLIST_FILE = PracticalUITests/Info.plist;
				LD_RUNPATH_SEARCH_PATHS = "$(inherited) @executable_path/Frameworks @loader_path/Frameworks";
				PRODUCT_BUNDLE_IDENTIFIER = "Rahul-R-Patel.PracticalUITests";
				PRODUCT_NAME = "$(TARGET_NAME)";
				SWIFT_VERSION = 4.0;
				TARGETED_DEVICE_FAMILY = "1,2";
				TEST_TARGET_NAME = Practical;
			};
			name = Release;
		};
/* End XCBuildConfiguration section */

/* Begin XCConfigurationList section */
		E98E9E671FDC307E00559F9A /* Build configuration list for PBXProject "Practical" */ = {
			isa = XCConfigurationList;
			buildConfigurations = (
				E98E9E951FDC307E00559F9A /* Debug */,
				E98E9E961FDC307E00559F9A /* Release */,
			);
			defaultConfigurationIsVisible = 0;
			defaultConfigurationName = Release;
		};
		E98E9E971FDC307E00559F9A /* Build configuration list for PBXNativeTarget "Practical" */ = {
			isa = XCConfigurationList;
			buildConfigurations = (
				E98E9E981FDC307E00559F9A /* Debug */,
				E98E9E991FDC307E00559F9A /* Release */,
			);
			defaultConfigurationIsVisible = 0;
			defaultConfigurationName = Release;
		};
		E98E9E9A1FDC307E00559F9A /* Build configuration list for PBXNativeTarget "PracticalTests" */ = {
			isa = XCConfigurationList;
			buildConfigurations = (
				E98E9E9B1FDC307E00559F9A /* Debug */,
				E98E9E9C1FDC307E00559F9A /* Release */,
			);
			defaultConfigurationIsVisible = 0;
			defaultConfigurationName = Release;
		};
		E98E9E9D1FDC307E00559F9A /* Build configuration list for PBXNativeTarget "PracticalUITests" */ = {
			isa = XCConfigurationList;
			buildConfigurations = (
				E98E9E9E1FDC307E00559F9A /* Debug */,
				E98E9E9F1FDC307E00559F9A /* Release */,
			);
			defaultConfigurationIsVisible = 0;
			defaultConfigurationName = Release;
		};
/* End XCConfigurationList section */

/* Begin XCVersionGroup section */
		E98E9E761FDC307E00559F9A /* Practical.xcdatamodeld */ = {
			isa = XCVersionGroup;
			children = (
				E98E9E771FDC307E00559F9A /* Practical.xcdatamodel */,
			);
			currentVersion = E98E9E771FDC307E00559F9A /* Practical.xcdatamodel */;
			path = Practical.xcdatamodeld;
			sourceTree = "<group>";
			versionGroupType = wrapper.xcdatamodel;
		};
/* End XCVersionGroup section */
	};
	rootObject = E98E9E641FDC307E00559F9A /* Project object */;
}
